// !$*UTF8*$!
{
	archiveVersion = 1;
	classes = {
	};
	objectVersion = 55;
	objects = {

/* Begin PBXBuildFile section */
		543809B5283FCD39008E0239 /* AppDelegate.swift in Sources */ = {isa = PBXBuildFile; fileRef = 543809B4283FCD39008E0239 /* AppDelegate.swift */; };
		543809B7283FCD39008E0239 /* SceneDelegate.swift in Sources */ = {isa = PBXBuildFile; fileRef = 543809B6283FCD39008E0239 /* SceneDelegate.swift */; };
		543809B9283FCD39008E0239 /* ViewController.swift in Sources */ = {isa = PBXBuildFile; fileRef = 543809B8283FCD39008E0239 /* ViewController.swift */; };
		543809BF283FCD39008E0239 /* pryaniki.xcdatamodeld in Sources */ = {isa = PBXBuildFile; fileRef = 543809BD283FCD39008E0239 /* pryaniki.xcdatamodeld */; };
		543809C1283FCD3A008E0239 /* Assets.xcassets in Resources */ = {isa = PBXBuildFile; fileRef = 543809C0283FCD3A008E0239 /* Assets.xcassets */; };
		543809C4283FCD3A008E0239 /* LaunchScreen.storyboard in Resources */ = {isa = PBXBuildFile; fileRef = 543809C2283FCD3A008E0239 /* LaunchScreen.storyboard */; };
		543809CC283FCE10008E0239 /* ApiResult.swift in Sources */ = {isa = PBXBuildFile; fileRef = 543809CB283FCE10008E0239 /* ApiResult.swift */; };
		543809CE283FCE1B008E0239 /* Hz.swift in Sources */ = {isa = PBXBuildFile; fileRef = 543809CD283FCE1B008E0239 /* Hz.swift */; };
		543809D0283FCE35008E0239 /* Selector.swift in Sources */ = {isa = PBXBuildFile; fileRef = 543809CF283FCE35008E0239 /* Selector.swift */; };
		543809D2283FCE47008E0239 /* Picture.swift in Sources */ = {isa = PBXBuildFile; fileRef = 543809D1283FCE47008E0239 /* Picture.swift */; };
		543809D7283FF0E9008E0239 /* TableViewModel.swift in Sources */ = {isa = PBXBuildFile; fileRef = 543809D6283FF0E9008E0239 /* TableViewModel.swift */; };
		543809D9283FF207008E0239 /* ApiTableView.swift in Sources */ = {isa = PBXBuildFile; fileRef = 543809D8283FF207008E0239 /* ApiTableView.swift */; };
		543809DB283FF216008E0239 /* PictureCell.swift in Sources */ = {isa = PBXBuildFile; fileRef = 543809DA283FF216008E0239 /* PictureCell.swift */; };
		543809DD283FF222008E0239 /* SelectorCell.swift in Sources */ = {isa = PBXBuildFile; fileRef = 543809DC283FF222008E0239 /* SelectorCell.swift */; };
		543809DF283FF237008E0239 /* HzCell.swift in Sources */ = {isa = PBXBuildFile; fileRef = 543809DE283FF237008E0239 /* HzCell.swift */; };
		543809E42841289D008E0239 /* CellGenerator.swift in Sources */ = {isa = PBXBuildFile; fileRef = 543809E32841289D008E0239 /* CellGenerator.swift */; };
		543809E82842666A008E0239 /* ToolbarPickerView.swift in Sources */ = {isa = PBXBuildFile; fileRef = 543809E72842666A008E0239 /* ToolbarPickerView.swift */; };
		543809EA2842677B008E0239 /* CustomTextField.swift in Sources */ = {isa = PBXBuildFile; fileRef = 543809E92842677B008E0239 /* CustomTextField.swift */; };
/* End PBXBuildFile section */

/* Begin PBXFileReference section */
		543809B1283FCD39008E0239 /* pryaniki.app */ = {isa = PBXFileReference; explicitFileType = wrapper.application; includeInIndex = 0; path = pryaniki.app; sourceTree = BUILT_PRODUCTS_DIR; };
		543809B4283FCD39008E0239 /* AppDelegate.swift */ = {isa = PBXFileReference; lastKnownFileType = sourcecode.swift; path = AppDelegate.swift; sourceTree = "<group>"; };
		543809B6283FCD39008E0239 /* SceneDelegate.swift */ = {isa = PBXFileReference; lastKnownFileType = sourcecode.swift; path = SceneDelegate.swift; sourceTree = "<group>"; };
		543809B8283FCD39008E0239 /* ViewController.swift */ = {isa = PBXFileReference; lastKnownFileType = sourcecode.swift; path = ViewController.swift; sourceTree = "<group>"; };
		543809BE283FCD39008E0239 /* pryaniki.xcdatamodel */ = {isa = PBXFileReference; lastKnownFileType = wrapper.xcdatamodel; path = pryaniki.xcdatamodel; sourceTree = "<group>"; };
		543809C0283FCD3A008E0239 /* Assets.xcassets */ = {isa = PBXFileReference; lastKnownFileType = folder.assetcatalog; path = Assets.xcassets; sourceTree = "<group>"; };
		543809C3283FCD3A008E0239 /* Base */ = {isa = PBXFileReference; lastKnownFileType = file.storyboard; name = Base; path = Base.lproj/LaunchScreen.storyboard; sourceTree = "<group>"; };
		543809C5283FCD3A008E0239 /* Info.plist */ = {isa = PBXFileReference; lastKnownFileType = text.plist.xml; path = Info.plist; sourceTree = "<group>"; };
		543809CB283FCE10008E0239 /* ApiResult.swift */ = {isa = PBXFileReference; lastKnownFileType = sourcecode.swift; path = ApiResult.swift; sourceTree = "<group>"; };
		543809CD283FCE1B008E0239 /* Hz.swift */ = {isa = PBXFileReference; lastKnownFileType = sourcecode.swift; path = Hz.swift; sourceTree = "<group>"; };
		543809CF283FCE35008E0239 /* Selector.swift */ = {isa = PBXFileReference; lastKnownFileType = sourcecode.swift; path = Selector.swift; sourceTree = "<group>"; };
		543809D1283FCE47008E0239 /* Picture.swift */ = {isa = PBXFileReference; lastKnownFileType = sourcecode.swift; path = Picture.swift; sourceTree = "<group>"; };
		543809D6283FF0E9008E0239 /* TableViewModel.swift */ = {isa = PBXFileReference; lastKnownFileType = sourcecode.swift; path = TableViewModel.swift; sourceTree = "<group>"; };
		543809D8283FF207008E0239 /* ApiTableView.swift */ = {isa = PBXFileReference; lastKnownFileType = sourcecode.swift; path = ApiTableView.swift; sourceTree = "<group>"; };
		543809DA283FF216008E0239 /* PictureCell.swift */ = {isa = PBXFileReference; lastKnownFileType = sourcecode.swift; path = PictureCell.swift; sourceTree = "<group>"; };
		543809DC283FF222008E0239 /* SelectorCell.swift */ = {isa = PBXFileReference; lastKnownFileType = sourcecode.swift; path = SelectorCell.swift; sourceTree = "<group>"; };
		543809DE283FF237008E0239 /* HzCell.swift */ = {isa = PBXFileReference; lastKnownFileType = sourcecode.swift; path = HzCell.swift; sourceTree = "<group>"; };
		543809E32841289D008E0239 /* CellGenerator.swift */ = {isa = PBXFileReference; lastKnownFileType = sourcecode.swift; path = CellGenerator.swift; sourceTree = "<group>"; };
		543809E72842666A008E0239 /* ToolbarPickerView.swift */ = {isa = PBXFileReference; lastKnownFileType = sourcecode.swift; path = ToolbarPickerView.swift; sourceTree = "<group>"; };
		543809E92842677B008E0239 /* CustomTextField.swift */ = {isa = PBXFileReference; lastKnownFileType = sourcecode.swift; path = CustomTextField.swift; sourceTree = "<group>"; };
/* End PBXFileReference section */

/* Begin PBXFrameworksBuildPhase section */
		543809AE283FCD39008E0239 /* Frameworks */ = {
			isa = PBXFrameworksBuildPhase;
			buildActionMask = 2147483647;
			files = (
			);
			runOnlyForDeploymentPostprocessing = 0;
		};
/* End PBXFrameworksBuildPhase section */

/* Begin PBXGroup section */
		543809A8283FCD39008E0239 = {
			isa = PBXGroup;
			children = (
				543809B3283FCD39008E0239 /* pryaniki */,
				543809B2283FCD39008E0239 /* Products */,
			);
			sourceTree = "<group>";
		};
		543809B2283FCD39008E0239 /* Products */ = {
			isa = PBXGroup;
			children = (
				543809B1283FCD39008E0239 /* pryaniki.app */,
			);
			name = Products;
			sourceTree = "<group>";
		};
		543809B3283FCD39008E0239 /* pryaniki */ = {
			isa = PBXGroup;
			children = (
				543809B4283FCD39008E0239 /* AppDelegate.swift */,
				543809B6283FCD39008E0239 /* SceneDelegate.swift */,
				543809D5283FF0C5008E0239 /* ModelView */,
				543809D3283FF09C008E0239 /* Model */,
				543809D4283FF0AF008E0239 /* View */,
				543809C0283FCD3A008E0239 /* Assets.xcassets */,
				543809C2283FCD3A008E0239 /* LaunchScreen.storyboard */,
				543809C5283FCD3A008E0239 /* Info.plist */,
				543809BD283FCD39008E0239 /* pryaniki.xcdatamodeld */,
			);
			path = pryaniki;
			sourceTree = "<group>";
		};
		543809D3283FF09C008E0239 /* Model */ = {
			isa = PBXGroup;
			children = (
				543809CB283FCE10008E0239 /* ApiResult.swift */,
				543809CD283FCE1B008E0239 /* Hz.swift */,
				543809CF283FCE35008E0239 /* Selector.swift */,
				543809D1283FCE47008E0239 /* Picture.swift */,
			);
			path = Model;
			sourceTree = "<group>";
		};
		543809D4283FF0AF008E0239 /* View */ = {
			isa = PBXGroup;
			children = (
				543809B8283FCD39008E0239 /* ViewController.swift */,
				543809D8283FF207008E0239 /* ApiTableView.swift */,
				543809DA283FF216008E0239 /* PictureCell.swift */,
				543809DC283FF222008E0239 /* SelectorCell.swift */,
				543809E92842677B008E0239 /* CustomTextField.swift */,
				543809DE283FF237008E0239 /* HzCell.swift */,
				543809E32841289D008E0239 /* CellGenerator.swift */,
				543809E72842666A008E0239 /* ToolbarPickerView.swift */,
			);
			path = View;
			sourceTree = "<group>";
		};
		543809D5283FF0C5008E0239 /* ModelView */ = {
			isa = PBXGroup;
			children = (
				543809D6283FF0E9008E0239 /* TableViewModel.swift */,
			);
			path = ModelView;
			sourceTree = "<group>";
		};
/* End PBXGroup section */

/* Begin PBXNativeTarget section */
		543809B0283FCD39008E0239 /* pryaniki */ = {
			isa = PBXNativeTarget;
			buildConfigurationList = 543809C8283FCD3A008E0239 /* Build configuration list for PBXNativeTarget "pryaniki" */;
			buildPhases = (
				543809AD283FCD39008E0239 /* Sources */,
				543809AE283FCD39008E0239 /* Frameworks */,
				543809AF283FCD39008E0239 /* Resources */,
			);
			buildRules = (
			);
			dependencies = (
			);
			name = pryaniki;
			productName = pryaniki;
			productReference = 543809B1283FCD39008E0239 /* pryaniki.app */;
			productType = "com.apple.product-type.application";
		};
/* End PBXNativeTarget section */

/* Begin PBXProject section */
		543809A9283FCD39008E0239 /* Project object */ = {
			isa = PBXProject;
			attributes = {
				BuildIndependentTargetsInParallel = 1;
				LastSwiftUpdateCheck = 1330;
				LastUpgradeCheck = 1330;
				TargetAttributes = {
					543809B0283FCD39008E0239 = {
						CreatedOnToolsVersion = 13.3.1;
					};
				};
			};
			buildConfigurationList = 543809AC283FCD39008E0239 /* Build configuration list for PBXProject "pryaniki" */;
			compatibilityVersion = "Xcode 13.0";
			developmentRegion = en;
			hasScannedForEncodings = 0;
			knownRegions = (
				en,
				Base,
			);
			mainGroup = 543809A8283FCD39008E0239;
			productRefGroup = 543809B2283FCD39008E0239 /* Products */;
			projectDirPath = "";
			projectRoot = "";
			targets = (
				543809B0283FCD39008E0239 /* pryaniki */,
			);
		};
/* End PBXProject section */

/* Begin PBXResourcesBuildPhase section */
		543809AF283FCD39008E0239 /* Resources */ = {
			isa = PBXResourcesBuildPhase;
			buildActionMask = 2147483647;
			files = (
				543809C4283FCD3A008E0239 /* LaunchScreen.storyboard in Resources */,
				543809C1283FCD3A008E0239 /* Assets.xcassets in Resources */,
			);
			runOnlyForDeploymentPostprocessing = 0;
		};
/* End PBXResourcesBuildPhase section */

/* Begin PBXSourcesBuildPhase section */
		543809AD283FCD39008E0239 /* Sources */ = {
			isa = PBXSourcesBuildPhase;
			buildActionMask = 2147483647;
			files = (
				543809BF283FCD39008E0239 /* pryaniki.xcdatamodeld in Sources */,
				543809D9283FF207008E0239 /* ApiTableView.swift in Sources */,
				543809B9283FCD39008E0239 /* ViewController.swift in Sources */,
				543809B5283FCD39008E0239 /* AppDelegate.swift in Sources */,
				543809CC283FCE10008E0239 /* ApiResult.swift in Sources */,
				543809DF283FF237008E0239 /* HzCell.swift in Sources */,
				543809D2283FCE47008E0239 /* Picture.swift in Sources */,
				543809EA2842677B008E0239 /* CustomTextField.swift in Sources */,
				543809B7283FCD39008E0239 /* SceneDelegate.swift in Sources */,
				543809D7283FF0E9008E0239 /* TableViewModel.swift in Sources */,
				543809E42841289D008E0239 /* CellGenerator.swift in Sources */,
				543809CE283FCE1B008E0239 /* Hz.swift in Sources */,
				543809D0283FCE35008E0239 /* Selector.swift in Sources */,
				543809DD283FF222008E0239 /* SelectorCell.swift in Sources */,
				543809E82842666A008E0239 /* ToolbarPickerView.swift in Sources */,
				543809DB283FF216008E0239 /* PictureCell.swift in Sources */,
			);
			runOnlyForDeploymentPostprocessing = 0;
		};
/* End PBXSourcesBuildPhase section */

/* Begin PBXVariantGroup section */
		543809C2283FCD3A008E0239 /* LaunchScreen.storyboard */ = {
			isa = PBXVariantGroup;
			children = (
				543809C3283FCD3A008E0239 /* Base */,
			);
			name = LaunchScreen.storyboard;
			sourceTree = "<group>";
		};
/* End PBXVariantGroup section */

/* Begin XCBuildConfiguration section */
		543809C6283FCD3A008E0239 /* Debug */ = {
			isa = XCBuildConfiguration;
			buildSettings = {
				ALWAYS_SEARCH_USER_PATHS = NO;
				CLANG_ANALYZER_NONNULL = YES;
				CLANG_ANALYZER_NUMBER_OBJECT_CONVERSION = YES_AGGRESSIVE;
				CLANG_CXX_LANGUAGE_STANDARD = "gnu++17";
				CLANG_ENABLE_MODULES = YES;
				CLANG_ENABLE_OBJC_ARC = YES;
				CLANG_ENABLE_OBJC_WEAK = YES;
				CLANG_WARN_BLOCK_CAPTURE_AUTORELEASING = YES;
				CLANG_WARN_BOOL_CONVERSION = YES;
				CLANG_WARN_COMMA = YES;
				CLANG_WARN_CONSTANT_CONVERSION = YES;
				CLANG_WARN_DEPRECATED_OBJC_IMPLEMENTATIONS = YES;
				CLANG_WARN_DIRECT_OBJC_ISA_USAGE = YES_ERROR;
				CLANG_WARN_DOCUMENTATION_COMMENTS = YES;
				CLANG_WARN_EMPTY_BODY = YES;
				CLANG_WARN_ENUM_CONVERSION = YES;
				CLANG_WARN_INFINITE_RECURSION = YES;
				CLANG_WARN_INT_CONVERSION = YES;
				CLANG_WARN_NON_LITERAL_NULL_CONVERSION = YES;
				CLANG_WARN_OBJC_IMPLICIT_RETAIN_SELF = YES;
				CLANG_WARN_OBJC_LITERAL_CONVERSION = YES;
				CLANG_WARN_OBJC_ROOT_CLASS = YES_ERROR;
				CLANG_WARN_QUOTED_INCLUDE_IN_FRAMEWORK_HEADER = YES;
				CLANG_WARN_RANGE_LOOP_ANALYSIS = YES;
				CLANG_WARN_STRICT_PROTOTYPES = YES;
				CLANG_WARN_SUSPICIOUS_MOVE = YES;
				CLANG_WARN_UNGUARDED_AVAILABILITY = YES_AGGRESSIVE;
				CLANG_WARN_UNREACHABLE_CODE = YES;
				CLANG_WARN__DUPLICATE_METHOD_MATCH = YES;
				COPY_PHASE_STRIP = NO;
				DEBUG_INFORMATION_FORMAT = dwarf;
				ENABLE_STRICT_OBJC_MSGSEND = YES;
				ENABLE_TESTABILITY = YES;
				GCC_C_LANGUAGE_STANDARD = gnu11;
				GCC_DYNAMIC_NO_PIC = NO;
				GCC_NO_COMMON_BLOCKS = YES;
				GCC_OPTIMIZATION_LEVEL = 0;
				GCC_PREPROCESSOR_DEFINITIONS = (
					"DEBUG=1",
					"$(inherited)",
				);
				GCC_WARN_64_TO_32_BIT_CONVERSION = YES;
				GCC_WARN_ABOUT_RETURN_TYPE = YES_ERROR;
				GCC_WARN_UNDECLARED_SELECTOR = YES;
				GCC_WARN_UNINITIALIZED_AUTOS = YES_AGGRESSIVE;
				GCC_WARN_UNUSED_FUNCTION = YES;
				GCC_WARN_UNUSED_VARIABLE = YES;
				IPHONEOS_DEPLOYMENT_TARGET = 15.4;
				MTL_ENABLE_DEBUG_INFO = INCLUDE_SOURCE;
				MTL_FAST_MATH = YES;
				ONLY_ACTIVE_ARCH = YES;
				SDKROOT = iphoneos;
				SWIFT_ACTIVE_COMPILATION_CONDITIONS = DEBUG;
				SWIFT_OPTIMIZATION_LEVEL = "-Onone";
			};
			name = Debug;
		};
		543809C7283FCD3A008E0239 /* Release */ = {
			isa = XCBuildConfiguration;
			buildSettings = {
				ALWAYS_SEARCH_USER_PATHS = NO;
				CLANG_ANALYZER_NONNULL = YES;
				CLANG_ANALYZER_NUMBER_OBJECT_CONVERSION = YES_AGGRESSIVE;
				CLANG_CXX_LANGUAGE_STANDARD = "gnu++17";
				CLANG_ENABLE_MODULES = YES;
				CLANG_ENABLE_OBJC_ARC = YES;
				CLANG_ENABLE_OBJC_WEAK = YES;
				CLANG_WARN_BLOCK_CAPTURE_AUTORELEASING = YES;
				CLANG_WARN_BOOL_CONVERSION = YES;
				CLANG_WARN_COMMA = YES;
				CLANG_WARN_CONSTANT_CONVERSION = YES;
				CLANG_WARN_DEPRECATED_OBJC_IMPLEMENTATIONS = YES;
				CLANG_WARN_DIRECT_OBJC_ISA_USAGE = YES_ERROR;
				CLANG_WARN_DOCUMENTATION_COMMENTS = YES;
				CLANG_WARN_EMPTY_BODY = YES;
				CLANG_WARN_ENUM_CONVERSION = YES;
				CLANG_WARN_INFINITE_RECURSION = YES;
				CLANG_WARN_INT_CONVERSION = YES;
				CLANG_WARN_NON_LITERAL_NULL_CONVERSION = YES;
				CLANG_WARN_OBJC_IMPLICIT_RETAIN_SELF = YES;
				CLANG_WARN_OBJC_LITERAL_CONVERSION = YES;
				CLANG_WARN_OBJC_ROOT_CLASS = YES_ERROR;
				CLANG_WARN_QUOTED_INCLUDE_IN_FRAMEWORK_HEADER = YES;
				CLANG_WARN_RANGE_LOOP_ANALYSIS = YES;
				CLANG_WARN_STRICT_PROTOTYPES = YES;
				CLANG_WARN_SUSPICIOUS_MOVE = YES;
				CLANG_WARN_UNGUARDED_AVAILABILITY = YES_AGGRESSIVE;
				CLANG_WARN_UNREACHABLE_CODE = YES;
				CLANG_WARN__DUPLICATE_METHOD_MATCH = YES;
				COPY_PHASE_STRIP = NO;
				DEBUG_INFORMATION_FORMAT = "dwarf-with-dsym";
				ENABLE_NS_ASSERTIONS = NO;
				ENABLE_STRICT_OBJC_MSGSEND = YES;
				GCC_C_LANGUAGE_STANDARD = gnu11;
				GCC_NO_COMMON_BLOCKS = YES;
				GCC_WARN_64_TO_32_BIT_CONVERSION = YES;
				GCC_WARN_ABOUT_RETURN_TYPE = YES_ERROR;
				GCC_WARN_UNDECLARED_SELECTOR = YES;
				GCC_WARN_UNINITIALIZED_AUTOS = YES_AGGRESSIVE;
				GCC_WARN_UNUSED_FUNCTION = YES;
				GCC_WARN_UNUSED_VARIABLE = YES;
				IPHONEOS_DEPLOYMENT_TARGET = 15.4;
				MTL_ENABLE_DEBUG_INFO = NO;
				MTL_FAST_MATH = YES;
				SDKROOT = iphoneos;
				SWIFT_COMPILATION_MODE = wholemodule;
				SWIFT_OPTIMIZATION_LEVEL = "-O";
				VALIDATE_PRODUCT = YES;
			};
			name = Release;
		};
		543809C9283FCD3A008E0239 /* Debug */ = {
			isa = XCBuildConfiguration;
			buildSettings = {
				ASSETCATALOG_COMPILER_APPICON_NAME = AppIcon;
				ASSETCATALOG_COMPILER_GLOBAL_ACCENT_COLOR_NAME = AccentColor;
				CODE_SIGN_STYLE = Automatic;
				CURRENT_PROJECT_VERSION = 1;
				DEVELOPMENT_TEAM = SBA4LBC53W;
				GENERATE_INFOPLIST_FILE = YES;
				INFOPLIST_FILE = pryaniki/Info.plist;
				INFOPLIST_KEY_UIApplicationSupportsIndirectInputEvents = YES;
				INFOPLIST_KEY_UILaunchStoryboardName = LaunchScreen;
				INFOPLIST_KEY_UISupportedInterfaceOrientations_iPad = "UIInterfaceOrientationPortrait UIInterfaceOrientationPortraitUpsideDown UIInterfaceOrientationLandscapeLeft UIInterfaceOrientationLandscapeRight";
				INFOPLIST_KEY_UISupportedInterfaceOrientations_iPhone = "UIInterfaceOrientationPortrait UIInterfaceOrientationLandscapeLeft UIInterfaceOrientationLandscapeRight";
				LD_RUNPATH_SEARCH_PATHS = (
					"$(inherited)",
					"@executable_path/Frameworks",
				);
				MARKETING_VERSION = 1.0;
				PRODUCT_BUNDLE_IDENTIFIER = com.megagosha.pryaniki;
				PRODUCT_NAME = "$(TARGET_NAME)";
				SWIFT_EMIT_LOC_STRINGS = YES;
				SWIFT_VERSION = 5.0;
				TARGETED_DEVICE_FAMILY = "1,2";
			};
			name = Debug;
		};
		543809CA283FCD3A008E0239 /* Release */ = {
			isa = XCBuildConfiguration;
			buildSettings = {
				ASSETCATALOG_COMPILER_APPICON_NAME = AppIcon;
				ASSETCATALOG_COMPILER_GLOBAL_ACCENT_COLOR_NAME = AccentColor;
				CODE_SIGN_STYLE = Automatic;
				CURRENT_PROJECT_VERSION = 1;
				DEVELOPMENT_TEAM = SBA4LBC53W;
				GENERATE_INFOPLIST_FILE = YES;
				INFOPLIST_FILE = pryaniki/Info.plist;
				INFOPLIST_KEY_UIApplicationSupportsIndirectInputEvents = YES;
				INFOPLIST_KEY_UILaunchStoryboardName = LaunchScreen;
				INFOPLIST_KEY_UISupportedInterfaceOrientations_iPad = "UIInterfaceOrientationPortrait UIInterfaceOrientationPortraitUpsideDown UIInterfaceOrientationLandscapeLeft UIInterfaceOrientationLandscapeRight";
				INFOPLIST_KEY_UISupportedInterfaceOrientations_iPhone = "UIInterfaceOrientationPortrait UIInterfaceOrientationLandscapeLeft UIInterfaceOrientationLandscapeRight";
				LD_RUNPATH_SEARCH_PATHS = (
					"$(inherited)",
					"@executable_path/Frameworks",
				);
				MARKETING_VERSION = 1.0;
				PRODUCT_BUNDLE_IDENTIFIER = com.megagosha.pryaniki;
				PRODUCT_NAME = "$(TARGET_NAME)";
				SWIFT_EMIT_LOC_STRINGS = YES;
				SWIFT_VERSION = 5.0;
				TARGETED_DEVICE_FAMILY = "1,2";
			};
			name = Release;
		};
/* End XCBuildConfiguration section */

/* Begin XCConfigurationList section */
		543809AC283FCD39008E0239 /* Build configuration list for PBXProject "pryaniki" */ = {
			isa = XCConfigurationList;
			buildConfigurations = (
				543809C6283FCD3A008E0239 /* Debug */,
				543809C7283FCD3A008E0239 /* Release */,
			);
			defaultConfigurationIsVisible = 0;
			defaultConfigurationName = Release;
		};
		543809C8283FCD3A008E0239 /* Build configuration list for PBXNativeTarget "pryaniki" */ = {
			isa = XCConfigurationList;
			buildConfigurations = (
				543809C9283FCD3A008E0239 /* Debug */,
				543809CA283FCD3A008E0239 /* Release */,
			);
			defaultConfigurationIsVisible = 0;
			defaultConfigurationName = Release;
		};
/* End XCConfigurationList section */

/* Begin XCVersionGroup section */
		543809BD283FCD39008E0239 /* pryaniki.xcdatamodeld */ = {
			isa = XCVersionGroup;
			children = (
				543809BE283FCD39008E0239 /* pryaniki.xcdatamodel */,
			);
			currentVersion = 543809BE283FCD39008E0239 /* pryaniki.xcdatamodel */;
			path = pryaniki.xcdatamodeld;
			sourceTree = "<group>";
			versionGroupType = wrapper.xcdatamodel;
		};
/* End XCVersionGroup section */
	};
	rootObject = 543809A9283FCD39008E0239 /* Project object */;
}
